
Microsoft Visual Studio Solution File, Format Version 12.00
# Visual Studio Version 17
VisualStudioVersion = 17.3.32922.545
MinimumVisualStudioVersion = 10.0.40219.1
Project("{8BC9CEB8-8B4A-11D0-8D11-00A0C91BC942}") = "SharpExt4", "EXT4Extractor\SharpExt4\SharpExt4.vcxproj", "{10998322-D0A6-4796-B3C5-5FBEF587C3C3}"
EndProject
Project("{8BC9CEB8-8B4A-11D0-8D11-00A0C91BC942}") = "lwext4", "EXT4Extractor\lwext4\lwext4.vcxproj", "{34D8A968-F941-43E7-AA4E-19C264B995B0}"
EndProject
Project("{9A19103F-16F7-4668-BE54-9A1E7A4F7556}") = "ConsoleAppCore", "ConsoleAppCore\ConsoleAppCore.csproj", "{99F85E62-0B1C-4B88-AD00-79C88FE1DBC9}"
EndProject
Project("{9A19103F-16F7-4668-BE54-9A1E7A4F7556}") = "WinFormsApp1", "WinFormsApp1\WinFormsApp1.csproj", "{82376E52-D164-4E0D-86FD-7113AAC31FAC}"
EndProject
Project("{9A19103F-16F7-4668-BE54-9A1E7A4F7556}") = "KK-Test-MAUI-Blazor", "KK-Test-MAUI-Blazor\KK-Test-MAUI-Blazor.csproj", "{CC19719A-095C-42DE-AF6D-06BDB63291ED}"
EndProject
Project("{FAE04EC0-301F-11D3-BF4B-00C04F79EFBC}") = "EXTClassLib", "ClassLibrary1\EXTClassLib.csproj", "{1A4671BE-02D2-409C-A103-FDEF53FB8EAF}"
EndProject
Project("{2150E333-8FDC-42A3-9474-1A3956D46DE8}") = "C++", "C++", "{1173A4D4-B1E2-46BC-A07C-670E8BFE07A7}"
EndProject
Global
	GlobalSection(SolutionConfigurationPlatforms) = preSolution
		Debug|Any CPU = Debug|Any CPU
		Debug|x64 = Debug|x64
		Debug|x86 = Debug|x86
		Release|Any CPU = Release|Any CPU
		Release|x64 = Release|x64
		Release|x86 = Release|x86
	EndGlobalSection
	GlobalSection(ProjectConfigurationPlatforms) = postSolution
		{10998322-D0A6-4796-B3C5-5FBEF587C3C3}.Debug|Any CPU.ActiveCfg = Debug|x64
		{10998322-D0A6-4796-B3C5-5FBEF587C3C3}.Debug|Any CPU.Build.0 = Debug|x64
		{10998322-D0A6-4796-B3C5-5FBEF587C3C3}.Debug|x64.ActiveCfg = Debug|x64
		{10998322-D0A6-4796-B3C5-5FBEF587C3C3}.Debug|x64.Build.0 = Debug|x64
		{10998322-D0A6-4796-B3C5-5FBEF587C3C3}.Debug|x86.ActiveCfg = Debug|Win32
		{10998322-D0A6-4796-B3C5-5FBEF587C3C3}.Debug|x86.Build.0 = Debug|Win32
		{10998322-D0A6-4796-B3C5-5FBEF587C3C3}.Release|Any CPU.ActiveCfg = Release|x64
		{10998322-D0A6-4796-B3C5-5FBEF587C3C3}.Release|Any CPU.Build.0 = Release|x64
		{10998322-D0A6-4796-B3C5-5FBEF587C3C3}.Release|x64.ActiveCfg = Release|x64
		{10998322-D0A6-4796-B3C5-5FBEF587C3C3}.Release|x64.Build.0 = Release|x64
		{10998322-D0A6-4796-B3C5-5FBEF587C3C3}.Release|x86.ActiveCfg = Release|Win32
		{10998322-D0A6-4796-B3C5-5FBEF587C3C3}.Release|x86.Build.0 = Release|Win32
		{34D8A968-F941-43E7-AA4E-19C264B995B0}.Debug|Any CPU.ActiveCfg = Debug|x64
		{34D8A968-F941-43E7-AA4E-19C264B995B0}.Debug|Any CPU.Build.0 = Debug|x64
		{34D8A968-F941-43E7-AA4E-19C264B995B0}.Debug|x64.ActiveCfg = Debug|x64
		{34D8A968-F941-43E7-AA4E-19C264B995B0}.Debug|x64.Build.0 = Debug|x64
		{34D8A968-F941-43E7-AA4E-19C264B995B0}.Debug|x86.ActiveCfg = Debug|Win32
		{34D8A968-F941-43E7-AA4E-19C264B995B0}.Debug|x86.Build.0 = Debug|Win32
		{34D8A968-F941-43E7-AA4E-19C264B995B0}.Release|Any CPU.ActiveCfg = Release|x64
		{34D8A968-F941-43E7-AA4E-19C264B995B0}.Release|Any CPU.Build.0 = Release|x64
		{34D8A968-F941-43E7-AA4E-19C264B995B0}.Release|x64.ActiveCfg = Release|x64
		{34D8A968-F941-43E7-AA4E-19C264B995B0}.Release|x64.Build.0 = Release|x64
		{34D8A968-F941-43E7-AA4E-19C264B995B0}.Release|x86.ActiveCfg = Release|Win32
		{34D8A968-F941-43E7-AA4E-19C264B995B0}.Release|x86.Build.0 = Release|Win32
		{99F85E62-0B1C-4B88-AD00-79C88FE1DBC9}.Debug|Any CPU.ActiveCfg = Debug|Any CPU
		{99F85E62-0B1C-4B88-AD00-79C88FE1DBC9}.Debug|Any CPU.Build.0 = Debug|Any CPU
		{99F85E62-0B1C-4B88-AD00-79C88FE1DBC9}.Debug|x64.ActiveCfg = Debug|Any CPU
		{99F85E62-0B1C-4B88-AD00-79C88FE1DBC9}.Debug|x64.Build.0 = Debug|Any CPU
		{99F85E62-0B1C-4B88-AD00-79C88FE1DBC9}.Debug|x86.ActiveCfg = Debug|Any CPU
		{99F85E62-0B1C-4B88-AD00-79C88FE1DBC9}.Debug|x86.Build.0 = Debug|Any CPU
		{99F85E62-0B1C-4B88-AD00-79C88FE1DBC9}.Release|Any CPU.ActiveCfg = Release|Any CPU
		{99F85E62-0B1C-4B88-AD00-79C88FE1DBC9}.Release|Any CPU.Build.0 = Release|Any CPU
		{99F85E62-0B1C-4B88-AD00-79C88FE1DBC9}.Release|x64.ActiveCfg = Release|Any CPU
		{99F85E62-0B1C-4B88-AD00-79C88FE1DBC9}.Release|x64.Build.0 = Release|Any CPU
		{99F85E62-0B1C-4B88-AD00-79C88FE1DBC9}.Release|x86.ActiveCfg = Release|Any CPU
		{99F85E62-0B1C-4B88-AD00-79C88FE1DBC9}.Release|x86.Build.0 = Release|Any CPU
		{82376E52-D164-4E0D-86FD-7113AAC31FAC}.Debug|Any CPU.ActiveCfg = Debug|Any CPU
		{82376E52-D164-4E0D-86FD-7113AAC31FAC}.Debug|Any CPU.Build.0 = Debug|Any CPU
		{82376E52-D164-4E0D-86FD-7113AAC31FAC}.Debug|x64.ActiveCfg = Debug|Any CPU
		{82376E52-D164-4E0D-86FD-7113AAC31FAC}.Debug|x64.Build.0 = Debug|Any CPU
		{82376E52-D164-4E0D-86FD-7113AAC31FAC}.Debug|x86.ActiveCfg = Debug|Any CPU
		{82376E52-D164-4E0D-86FD-7113AAC31FAC}.Debug|x86.Build.0 = Debug|Any CPU
		{82376E52-D164-4E0D-86FD-7113AAC31FAC}.Release|Any CPU.ActiveCfg = Release|Any CPU
		{82376E52-D164-4E0D-86FD-7113AAC31FAC}.Release|Any CPU.Build.0 = Release|Any CPU
		{82376E52-D164-4E0D-86FD-7113AAC31FAC}.Release|x64.ActiveCfg = Release|Any CPU
		{82376E52-D164-4E0D-86FD-7113AAC31FAC}.Release|x64.Build.0 = Release|Any CPU
		{82376E52-D164-4E0D-86FD-7113AAC31FAC}.Release|x86.ActiveCfg = Release|Any CPU
		{82376E52-D164-4E0D-86FD-7113AAC31FAC}.Release|x86.Build.0 = Release|Any CPU
		{CC19719A-095C-42DE-AF6D-06BDB63291ED}.Debug|Any CPU.ActiveCfg = Debug|Any CPU
		{CC19719A-095C-42DE-AF6D-06BDB63291ED}.Debug|Any CPU.Build.0 = Debug|Any CPU
		{CC19719A-095C-42DE-AF6D-06BDB63291ED}.Debug|Any CPU.Deploy.0 = Debug|Any CPU
		{CC19719A-095C-42DE-AF6D-06BDB63291ED}.Debug|x64.ActiveCfg = Debug|Any CPU
		{CC19719A-095C-42DE-AF6D-06BDB63291ED}.Debug|x64.Build.0 = Debug|Any CPU
		{CC19719A-095C-42DE-AF6D-06BDB63291ED}.Debug|x64.Deploy.0 = Debug|Any CPU
		{CC19719A-095C-42DE-AF6D-06BDB63291ED}.Debug|x86.ActiveCfg = Debug|Any CPU
		{CC19719A-095C-42DE-AF6D-06BDB63291ED}.Debug|x86.Build.0 = Debug|Any CPU
		{CC19719A-095C-42DE-AF6D-06BDB63291ED}.Debug|x86.Deploy.0 = Debug|Any CPU
		{CC19719A-095C-42DE-AF6D-06BDB63291ED}.Release|Any CPU.ActiveCfg = Release|Any CPU
		{CC19719A-095C-42DE-AF6D-06BDB63291ED}.Release|Any CPU.Build.0 = Release|Any CPU
		{CC19719A-095C-42DE-AF6D-06BDB63291ED}.Release|Any CPU.Deploy.0 = Release|Any CPU
		{CC19719A-095C-42DE-AF6D-06BDB63291ED}.Release|x64.ActiveCfg = Release|Any CPU
		{CC19719A-095C-42DE-AF6D-06BDB63291ED}.Release|x64.Build.0 = Release|Any CPU
		{CC19719A-095C-42DE-AF6D-06BDB63291ED}.Release|x64.Deploy.0 = Release|Any CPU
		{CC19719A-095C-42DE-AF6D-06BDB63291ED}.Release|x86.ActiveCfg = Release|Any CPU
		{CC19719A-095C-42DE-AF6D-06BDB63291ED}.Release|x86.Build.0 = Release|Any CPU
		{CC19719A-095C-42DE-AF6D-06BDB63291ED}.Release|x86.Deploy.0 = Release|Any CPU
		{1A4671BE-02D2-409C-A103-FDEF53FB8EAF}.Debug|Any CPU.ActiveCfg = Debug|Any CPU
		{1A4671BE-02D2-409C-A103-FDEF53FB8EAF}.Debug|Any CPU.Build.0 = Debug|Any CPU
		{1A4671BE-02D2-409C-A103-FDEF53FB8EAF}.Debug|x64.ActiveCfg = Debug|Any CPU
		{1A4671BE-02D2-409C-A103-FDEF53FB8EAF}.Debug|x64.Build.0 = Debug|Any CPU
		{1A4671BE-02D2-409C-A103-FDEF53FB8EAF}.Debug|x86.ActiveCfg = Debug|Any CPU
		{1A4671BE-02D2-409C-A103-FDEF53FB8EAF}.Debug|x86.Build.0 = Debug|Any CPU
		{1A4671BE-02D2-409C-A103-FDEF53FB8EAF}.Release|Any CPU.ActiveCfg = Release|Any CPU
		{1A4671BE-02D2-409C-A103-FDEF53FB8EAF}.Release|Any CPU.Build.0 = Release|Any CPU
		{1A4671BE-02D2-409C-A103-FDEF53FB8EAF}.Release|x64.ActiveCfg = Release|Any CPU
		{1A4671BE-02D2-409C-A103-FDEF53FB8EAF}.Release|x64.Build.0 = Release|Any CPU
		{1A4671BE-02D2-409C-A103-FDEF53FB8EAF}.Release|x86.ActiveCfg = Release|Any CPU
		{1A4671BE-02D2-409C-A103-FDEF53FB8EAF}.Release|x86.Build.0 = Release|Any CPU
	EndGlobalSection
	GlobalSection(SolutionProperties) = preSolution
		HideSolutionNode = FALSE
	EndGlobalSection
	GlobalSection(NestedProjects) = preSolution
		{10998322-D0A6-4796-B3C5-5FBEF587C3C3} = {1173A4D4-B1E2-46BC-A07C-670E8BFE07A7}
		{34D8A968-F941-43E7-AA4E-19C264B995B0} = {1173A4D4-B1E2-46BC-A07C-670E8BFE07A7}
	EndGlobalSection
	GlobalSection(ExtensibilityGlobals) = postSolution
		SolutionGuid = {89203644-F5F1-406A-8E81-E8CE0E2AE18C}
	EndGlobalSection
EndGlobal
